
Microsoft Visual Studio Solution File, Format Version 12.00
# Visual Studio Version 17
VisualStudioVersion = 17.5.33103.201
MinimumVisualStudioVersion = 10.0.40219.1
Project("{FAE04EC0-301F-11D3-BF4B-00C04F79EFBC}") = "ConsoleApp1", "ConsoleApp1\ConsoleApp1.csproj", "{39331172-7C5E-4128-9E47-B85A041CFE0F}"
EndProject
Project("{FAE04EC0-301F-11D3-BF4B-00C04F79EFBC}") = "ChatServer", "ChatServer\ChatServer.csproj", "{F6218568-F553-40DD-A532-92CAE4D51EB7}"
EndProject
Project("{FAE04EC0-301F-11D3-BF4B-00C04F79EFBC}") = "Chat.Models", "Chat.Models\Chat.Models.csproj", "{F333667E-83B7-475E-A9CF-54C089DDCFC1}"
EndProject
Global
	GlobalSection(SolutionConfigurationPlatforms) = preSolution
		Debug|Any CPU = Debug|Any CPU
		Release|Any CPU = Release|Any CPU
	EndGlobalSection
	GlobalSection(ProjectConfigurationPlatforms) = postSolution
		{39331172-7C5E-4128-9E47-B85A041CFE0F}.Debug|Any CPU.ActiveCfg = Debug|Any CPU
		{39331172-7C5E-4128-9E47-B85A041CFE0F}.Debug|Any CPU.Build.0 = Debug|Any CPU
		{39331172-7C5E-4128-9E47-B85A041CFE0F}.Release|Any CPU.ActiveCfg = Release|Any CPU
		{39331172-7C5E-4128-9E47-B85A041CFE0F}.Release|Any CPU.Build.0 = Release|Any CPU
		{F6218568-F553-40DD-A532-92CAE4D51EB7}.Debug|Any CPU.ActiveCfg = Debug|Any CPU
		{F6218568-F553-40DD-A532-92CAE4D51EB7}.Debug|Any CPU.Build.0 = Debug|Any CPU
		{F6218568-F553-40DD-A532-92CAE4D51EB7}.Release|Any CPU.ActiveCfg = Release|Any CPU
		{F6218568-F553-40DD-A532-92CAE4D51EB7}.Release|Any CPU.Build.0 = Release|Any CPU
		{F333667E-83B7-475E-A9CF-54C089DDCFC1}.Debug|Any CPU.ActiveCfg = Debug|Any CPU
		{F333667E-83B7-475E-A9CF-54C089DDCFC1}.Debug|Any CPU.Build.0 = Debug|Any CPU
		{F333667E-83B7-475E-A9CF-54C089DDCFC1}.Release|Any CPU.ActiveCfg = Release|Any CPU
		{F333667E-83B7-475E-A9CF-54C089DDCFC1}.Release|Any CPU.Build.0 = Release|Any CPU
	EndGlobalSection
	GlobalSection(SolutionProperties) = preSolution
		HideSolutionNode = FALSE
	EndGlobalSection
	GlobalSection(ExtensibilityGlobals) = postSolution
		SolutionGuid = {C0C1EAF4-7A25-4254-8960-21A2B8F3BB1A}
	EndGlobalSection
EndGlobal
